// !$*UTF8*$!
{
	archiveVersion = 1;
	classes = {
	};
	objectVersion = 46;
	objects = {

/* Begin PBXBuildFile section */
		992F9B1D1C046B350001C68A /* iAd.framework in Frameworks */ = {isa = PBXBuildFile; fileRef = 992F9B1C1C046B350001C68A /* iAd.framework */; };
		995054331BF960FB00C47A5E /* main.m in Sources */ = {isa = PBXBuildFile; fileRef = 995054321BF960FB00C47A5E /* main.m */; };
		995054361BF960FB00C47A5E /* AppDelegate.m in Sources */ = {isa = PBXBuildFile; fileRef = 995054351BF960FB00C47A5E /* AppDelegate.m */; };
		995054391BF960FB00C47A5E /* ViewController.m in Sources */ = {isa = PBXBuildFile; fileRef = 995054381BF960FB00C47A5E /* ViewController.m */; };
		9950543C1BF960FB00C47A5E /* Main.storyboard in Resources */ = {isa = PBXBuildFile; fileRef = 9950543A1BF960FB00C47A5E /* Main.storyboard */; };
		9950543E1BF960FB00C47A5E /* Assets.xcassets in Resources */ = {isa = PBXBuildFile; fileRef = 9950543D1BF960FB00C47A5E /* Assets.xcassets */; };
		995054411BF960FB00C47A5E /* LaunchScreen.storyboard in Resources */ = {isa = PBXBuildFile; fileRef = 9950543F1BF960FB00C47A5E /* LaunchScreen.storyboard */; };
		995054491BF98BC300C47A5E /* Social.framework in Frameworks */ = {isa = PBXBuildFile; fileRef = 995054481BF98BC300C47A5E /* Social.framework */; };
/* End PBXBuildFile section */

/* Begin PBXFileReference section */
		992F9B1C1C046B350001C68A /* iAd.framework */ = {isa = PBXFileReference; lastKnownFileType = wrapper.framework; name = iAd.framework; path = System/Library/Frameworks/iAd.framework; sourceTree = SDKROOT; };
		9950542E1BF960FB00C47A5E /* twitterIntegration.app */ = {isa = PBXFileReference; explicitFileType = wrapper.application; includeInIndex = 0; path = twitterIntegration.app; sourceTree = BUILT_PRODUCTS_DIR; };
		995054321BF960FB00C47A5E /* main.m */ = {isa = PBXFileReference; lastKnownFileType = sourcecode.c.objc; path = main.m; sourceTree = "<group>"; };
		995054341BF960FB00C47A5E /* AppDelegate.h */ = {isa = PBXFileReference; lastKnownFileType = sourcecode.c.h; path = AppDelegate.h; sourceTree = "<group>"; };
		995054351BF960FB00C47A5E /* AppDelegate.m */ = {isa = PBXFileReference; lastKnownFileType = sourcecode.c.objc; path = AppDelegate.m; sourceTree = "<group>"; };
		995054371BF960FB00C47A5E /* ViewController.h */ = {isa = PBXFileReference; lastKnownFileType = sourcecode.c.h; path = ViewController.h; sourceTree = "<group>"; };
		995054381BF960FB00C47A5E /* ViewController.m */ = {isa = PBXFileReference; lastKnownFileType = sourcecode.c.objc; path = ViewController.m; sourceTree = "<group>"; };
		9950543B1BF960FB00C47A5E /* Base */ = {isa = PBXFileReference; lastKnownFileType = file.storyboard; name = Base; path = Base.lproj/Main.storyboard; sourceTree = "<group>"; };
		9950543D1BF960FB00C47A5E /* Assets.xcassets */ = {isa = PBXFileReference; lastKnownFileType = folder.assetcatalog; path = Assets.xcassets; sourceTree = "<group>"; };
		995054401BF960FB00C47A5E /* Base */ = {isa = PBXFileReference; lastKnownFileType = file.storyboard; name = Base; path = Base.lproj/LaunchScreen.storyboard; sourceTree = "<group>"; };
		995054421BF960FB00C47A5E /* Info.plist */ = {isa = PBXFileReference; lastKnownFileType = text.plist.xml; path = Info.plist; sourceTree = "<group>"; };
		995054481BF98BC300C47A5E /* Social.framework */ = {isa = PBXFileReference; lastKnownFileType = wrapper.framework; name = Social.framework; path = System/Library/Frameworks/Social.framework; sourceTree = SDKROOT; };
/* End PBXFileReference section */

/* Begin PBXFrameworksBuildPhase section */
		9950542B1BF960FB00C47A5E /* Frameworks */ = {
			isa = PBXFrameworksBuildPhase;
			buildActionMask = 2147483647;
			files = (
				992F9B1D1C046B350001C68A /* iAd.framework in Frameworks */,
				995054491BF98BC300C47A5E /* Social.framework in Frameworks */,
			);
			runOnlyForDeploymentPostprocessing = 0;
		};
/* End PBXFrameworksBuildPhase section */

/* Begin PBXGroup section */
		995054251BF960FB00C47A5E = {
			isa = PBXGroup;
			children = (
				992F9B1C1C046B350001C68A /* iAd.framework */,
				995054481BF98BC300C47A5E /* Social.framework */,
				995054301BF960FB00C47A5E /* twitterIntegration */,
				9950542F1BF960FB00C47A5E /* Products */,
			);
			sourceTree = "<group>";
		};
		9950542F1BF960FB00C47A5E /* Products */ = {
			isa = PBXGroup;
			children = (
				9950542E1BF960FB00C47A5E /* twitterIntegration.app */,
			);
			name = Products;
			sourceTree = "<group>";
		};
		995054301BF960FB00C47A5E /* twitterIntegration */ = {
			isa = PBXGroup;
			children = (
				995054341BF960FB00C47A5E /* AppDelegate.h */,
				995054351BF960FB00C47A5E /* AppDelegate.m */,
				995054371BF960FB00C47A5E /* ViewController.h */,
				995054381BF960FB00C47A5E /* ViewController.m */,
				9950543A1BF960FB00C47A5E /* Main.storyboard */,
				9950543D1BF960FB00C47A5E /* Assets.xcassets */,
				9950543F1BF960FB00C47A5E /* LaunchScreen.storyboard */,
				995054421BF960FB00C47A5E /* Info.plist */,
				995054311BF960FB00C47A5E /* Supporting Files */,
			);
			path = twitterIntegration;
			sourceTree = "<group>";
		};
		995054311BF960FB00C47A5E /* Supporting Files */ = {
			isa = PBXGroup;
			children = (
				995054321BF960FB00C47A5E /* main.m */,
			);
			name = "Supporting Files";
			sourceTree = "<group>";
		};
/* End PBXGroup section */

/* Begin PBXNativeTarget section */
		9950542D1BF960FB00C47A5E /* twitterIntegration */ = {
			isa = PBXNativeTarget;
			buildConfigurationList = 995054451BF960FB00C47A5E /* Build configuration list for PBXNativeTarget "twitterIntegration" */;
			buildPhases = (
				9950542A1BF960FB00C47A5E /* Sources */,
				9950542B1BF960FB00C47A5E /* Frameworks */,
				9950542C1BF960FB00C47A5E /* Resources */,
			);
			buildRules = (
			);
			dependencies = (
			);
			name = twitterIntegration;
			productName = twitterIntegration;
			productReference = 9950542E1BF960FB00C47A5E /* twitterIntegration.app */;
			productType = "com.apple.product-type.application";
		};
/* End PBXNativeTarget section */

/* Begin PBXProject section */
		995054261BF960FB00C47A5E /* Project object */ = {
			isa = PBXProject;
			attributes = {
				LastUpgradeCheck = 0700;
				ORGANIZATIONNAME = UnicornMobile;
				TargetAttributes = {
					9950542D1BF960FB00C47A5E = {
						CreatedOnToolsVersion = 7.0.1;
					};
				};
			};
			buildConfigurationList = 995054291BF960FB00C47A5E /* Build configuration list for PBXProject "twitterIntegration" */;
			compatibilityVersion = "Xcode 3.2";
			developmentRegion = English;
			hasScannedForEncodings = 0;
			knownRegions = (
				en,
				Base,
			);
			mainGroup = 995054251BF960FB00C47A5E;
			productRefGroup = 9950542F1BF960FB00C47A5E /* Products */;
			projectDirPath = "";
			projectRoot = "";
			targets = (
				9950542D1BF960FB00C47A5E /* twitterIntegration */,
			);
		};
/* End PBXProject section */

/* Begin PBXResourcesBuildPhase section */
		9950542C1BF960FB00C47A5E /* Resources */ = {
			isa = PBXResourcesBuildPhase;
			buildActionMask = 2147483647;
			files = (
				995054411BF960FB00C47A5E /* LaunchScreen.storyboard in Resources */,
				9950543E1BF960FB00C47A5E /* Assets.xcassets in Resources */,
				9950543C1BF960FB00C47A5E /* Main.storyboard in Resources */,
			);
			runOnlyForDeploymentPostprocessing = 0;
		};
/* End PBXResourcesBuildPhase section */

/* Begin PBXSourcesBuildPhase section */
		9950542A1BF960FB00C47A5E /* Sources */ = {
			isa = PBXSourcesBuildPhase;
			buildActionMask = 2147483647;
			files = (
				995054391BF960FB00C47A5E /* ViewController.m in Sources */,
				995054361BF960FB00C47A5E /* AppDelegate.m in Sources */,
				995054331BF960FB00C47A5E /* main.m in Sources */,
			);
			runOnlyForDeploymentPostprocessing = 0;
		};
/* End PBXSourcesBuildPhase section */

/* Begin PBXVariantGroup section */
		9950543A1BF960FB00C47A5E /* Main.storyboard */ = {
			isa = PBXVariantGroup;
			children = (
				9950543B1BF960FB00C47A5E /* Base */,
			);
			name = Main.storyboard;
			sourceTree = "<group>";
		};
		9950543F1BF960FB00C47A5E /* LaunchScreen.storyboard */ = {
			isa = PBXVariantGroup;
			children = (
				995054401BF960FB00C47A5E /* Base */,
			);
			name = LaunchScreen.storyboard;
			sourceTree = "<group>";
		};
/* End PBXVariantGroup section */

/* Begin XCBuildConfiguration section */
		995054431BF960FB00C47A5E /* Debug */ = {
			isa = XCBuildConfiguration;
			buildSettings = {
				ALWAYS_SEARCH_USER_PATHS = NO;
				CLANG_CXX_LANGUAGE_STANDARD = "gnu++0x";
				CLANG_CXX_LIBRARY = "libc++";
				CLANG_ENABLE_MODULES = YES;
				CLANG_ENABLE_OBJC_ARC = YES;
				CLANG_WARN_BOOL_CONVERSION = YES;
				CLANG_WARN_CONSTANT_CONVERSION = YES;
				CLANG_WARN_DIRECT_OBJC_ISA_USAGE = YES_ERROR;
				CLANG_WARN_EMPTY_BODY = YES;
				CLANG_WARN_ENUM_CONVERSION = YES;
				CLANG_WARN_INT_CONVERSION = YES;
				CLANG_WARN_OBJC_ROOT_CLASS = YES_ERROR;
				CLANG_WARN_UNREACHABLE_CODE = YES;
				CLANG_WARN__DUPLICATE_METHOD_MATCH = YES;
				"CODE_SIGN_IDENTITY[sdk=iphoneos*]" = "iPhone Developer";
				COPY_PHASE_STRIP = NO;
				DEBUG_INFORMATION_FORMAT = dwarf;
				ENABLE_STRICT_OBJC_MSGSEND = YES;
				ENABLE_TESTABILITY = YES;
				GCC_C_LANGUAGE_STANDARD = gnu99;
				GCC_DYNAMIC_NO_PIC = NO;
				GCC_NO_COMMON_BLOCKS = YES;
				GCC_OPTIMIZATION_LEVEL = 0;
				GCC_PREPROCESSOR_DEFINITIONS = (
					"DEBUG=1",
					"$(inherited)",
				);
				GCC_WARN_64_TO_32_BIT_CONVERSION = YES;
				GCC_WARN_ABOUT_RETURN_TYPE = YES_ERROR;
				GCC_WARN_UNDECLARED_SELECTOR = YES;
				GCC_WARN_UNINITIALIZED_AUTOS = YES_AGGRESSIVE;
				GCC_WARN_UNUSED_FUNCTION = YES;
				GCC_WARN_UNUSED_VARIABLE = YES;
				IPHONEOS_DEPLOYMENT_TARGET = 9.0;
				MTL_ENABLE_DEBUG_INFO = YES;
				ONLY_ACTIVE_ARCH = YES;
				SDKROOT = iphoneos;
				TARGETED_DEVICE_FAMILY = "1,2";
			};
			name = Debug;
		};
		995054441BF960FB00C47A5E /* Release */ = {
			isa = XCBuildConfiguration;
			buildSettings = {
				ALWAYS_SEARCH_USER_PATHS = NO;
				CLANG_CXX_LANGUAGE_STANDARD = "gnu++0x";
				CLANG_CXX_LIBRARY = "libc++";
				CLANG_ENABLE_MODULES = YES;
				CLANG_ENABLE_OBJC_ARC = YES;
				CLANG_WARN_BOOL_CONVERSION = YES;
				CLANG_WARN_CONSTANT_CONVERSION = YES;
				CLANG_WARN_DIRECT_OBJC_ISA_USAGE = YES_ERROR;
				CLANG_WARN_EMPTY_BODY = YES;
				CLANG_WARN_ENUM_CONVERSION = YES;
				CLANG_WARN_INT_CONVERSION = YES;
				CLANG_WARN_OBJC_ROOT_CLASS = YES_ERROR;
				CLANG_WARN_UNREACHABLE_CODE = YES;
				CLANG_WARN__DUPLICATE_METHOD_MATCH = YES;
				"CODE_SIGN_IDENTITY[sdk=iphoneos*]" = "iPhone Developer";
				COPY_PHASE_STRIP = NO;
				DEBUG_INFORMATION_FORMAT = "dwarf-with-dsym";
				ENABLE_NS_ASSERTIONS = NO;
				ENABLE_STRICT_OBJC_MSGSEND = YES;
				GCC_C_LANGUAGE_STANDARD = gnu99;
				GCC_NO_COMMON_BLOCKS = YES;
				GCC_WARN_64_TO_32_BIT_CONVERSION = YES;
				GCC_WARN_ABOUT_RETURN_TYPE = YES_ERROR;
				GCC_WARN_UNDECLARED_SELECTOR = YES;
				GCC_WARN_UNINITIALIZED_AUTOS = YES_AGGRESSIVE;
				GCC_WARN_UNUSED_FUNCTION = YES;
				GCC_WARN_UNUSED_VARIABLE = YES;
				IPHONEOS_DEPLOYMENT_TARGET = 9.0;
				MTL_ENABLE_DEBUG_INFO = NO;
				SDKROOT = iphoneos;
				TARGETED_DEVICE_FAMILY = "1,2";
				VALIDATE_PRODUCT = YES;
			};
			name = Release;
		};
		995054461BF960FB00C47A5E /* Debug */ = {
			isa = XCBuildConfiguration;
			buildSettings = {
				ASSETCATALOG_COMPILER_APPICON_NAME = AppIcon;
				INFOPLIST_FILE = twitterIntegration/Info.plist;
				LD_RUNPATH_SEARCH_PATHS = "$(inherited) @executable_path/Frameworks";
				PRODUCT_BUNDLE_IDENTIFIER = com.UnicornMobile.twitterIntegration;
				PRODUCT_NAME = "$(TARGET_NAME)";
			};
			name = Debug;
		};
		995054471BF960FB00C47A5E /* Release */ = {
			isa = XCBuildConfiguration;
			buildSettings = {
				ASSETCATALOG_COMPILER_APPICON_NAME = AppIcon;
				INFOPLIST_FILE = twitterIntegration/Info.plist;
				LD_RUNPATH_SEARCH_PATHS = "$(inherited) @executable_path/Frameworks";
				PRODUCT_BUNDLE_IDENTIFIER = com.UnicornMobile.twitterIntegration;
				PRODUCT_NAME = "$(TARGET_NAME)";
			};
			name = Release;
		};
/* End XCBuildConfiguration section */

/* Begin XCConfigurationList section */
		995054291BF960FB00C47A5E /* Build configuration list for PBXProject "twitterIntegration" */ = {
			isa = XCConfigurationList;
			buildConfigurations = (
				995054431BF960FB00C47A5E /* Debug */,
				995054441BF960FB00C47A5E /* Release */,
			);
			defaultConfigurationIsVisible = 0;
			defaultConfigurationName = Release;
		};
		995054451BF960FB00C47A5E /* Build configuration list for PBXNativeTarget "twitterIntegration" */ = {
			isa = XCConfigurationList;
			buildConfigurations = (
				995054461BF960FB00C47A5E /* Debug */,
				995054471BF960FB00C47A5E /* Release */,
			);
			defaultConfigurationIsVisible = 0;
			defaultConfigurationName = Release;
		};
/* End XCConfigurationList section */
	};
	rootObject = 995054261BF960FB00C47A5E /* Project object */;
}
